
Microsoft Visual Studio Solution File, Format Version 12.00
# Visual Studio Version 16
VisualStudioVersion = 16.0.32106.194
MinimumVisualStudioVersion = 10.0.40219.1
Project("{FAE04EC0-301F-11D3-BF4B-00C04F79EFBC}") = "ConsoleApp1", "ConsoleApp1\ConsoleApp1.csproj", "{CA7A2EDE-7885-43FD-A3A4-A17D507C3319}"
EndProject
Global
	GlobalSection(SolutionConfigurationPlatforms) = preSolution
		Debug|Any CPU = Debug|Any CPU
		Release|Any CPU = Release|Any CPU
	EndGlobalSection
	GlobalSection(ProjectConfigurationPlatforms) = postSolution
		{CA7A2EDE-7885-43FD-A3A4-A17D507C3319}.Debug|Any CPU.ActiveCfg = Debug|Any CPU
		{CA7A2EDE-7885-43FD-A3A4-A17D507C3319}.Debug|Any CPU.Build.0 = Debug|Any CPU
		{CA7A2EDE-7885-43FD-A3A4-A17D507C3319}.Release|Any CPU.ActiveCfg = Release|Any CPU
		{CA7A2EDE-7885-43FD-A3A4-A17D507C3319}.Release|Any CPU.Build.0 = Release|Any CPU
	EndGlobalSection
	GlobalSection(SolutionProperties) = preSolution
		HideSolutionNode = FALSE
	EndGlobalSection
	GlobalSection(ExtensibilityGlobals) = postSolution
		SolutionGuid = {0AA9B6C9-6A90-440C-AFBA-EBE484458427}
	EndGlobalSection
EndGlobal
