
Microsoft Visual Studio Solution File, Format Version 12.00
# Visual Studio Version 16
VisualStudioVersion = 16.0.32106.194
MinimumVisualStudioVersion = 10.0.40219.1
Project("{FAE04EC0-301F-11D3-BF4B-00C04F79EFBC}") = "WpfApp1", "WpfApp1\WpfApp1.csproj", "{27D7772A-670B-4859-B6F1-623F63DB3849}"
EndProject
Global
	GlobalSection(SolutionConfigurationPlatforms) = preSolution
		Debug|Any CPU = Debug|Any CPU
		Release|Any CPU = Release|Any CPU
	EndGlobalSection
	GlobalSection(ProjectConfigurationPlatforms) = postSolution
		{27D7772A-670B-4859-B6F1-623F63DB3849}.Debug|Any CPU.ActiveCfg = Debug|Any CPU
		{27D7772A-670B-4859-B6F1-623F63DB3849}.Debug|Any CPU.Build.0 = Debug|Any CPU
		{27D7772A-670B-4859-B6F1-623F63DB3849}.Release|Any CPU.ActiveCfg = Release|Any CPU
		{27D7772A-670B-4859-B6F1-623F63DB3849}.Release|Any CPU.Build.0 = Release|Any CPU
	EndGlobalSection
	GlobalSection(SolutionProperties) = preSolution
		HideSolutionNode = FALSE
	EndGlobalSection
	GlobalSection(ExtensibilityGlobals) = postSolution
		SolutionGuid = {C964E519-73F9-4E5D-8AE9-D47B9BC8C4BA}
	EndGlobalSection
EndGlobal
